Microsoft Visual Studio Solution File, Format Version 12.00
# Visual Studio Version 17
VisualStudioVersion = 17.5.2.0
MinimumVisualStudioVersion = 10.0.40219.1
Project("{FAE04EC0-301F-11D3-BF4B-00C04F79EFBC}") = "VeciLink.Api", "VeciLink.Api\VeciLink.Api.csproj", "{60CB094C-A88D-22B8-E5EC-1D3C4D996E41}"
EndProject
Global
	GlobalSection(SolutionConfigurationPlatforms) = preSolution
		Debug|Any CPU = Debug|Any CPU
		Release|Any CPU = Release|Any CPU
	EndGlobalSection
	GlobalSection(ProjectConfigurationPlatforms) = postSolution
		{60CB094C-A88D-22B8-E5EC-1D3C4D996E41}.Debug|Any CPU.ActiveCfg = Debug|Any CPU
		{60CB094C-A88D-22B8-E5EC-1D3C4D996E41}.Debug|Any CPU.Build.0 = Debug|Any CPU
		{60CB094C-A88D-22B8-E5EC-1D3C4D996E41}.Release|Any CPU.ActiveCfg = Release|Any CPU
		{60CB094C-A88D-22B8-E5EC-1D3C4D996E41}.Release|Any CPU.Build.0 = Release|Any CPU
	EndGlobalSection
	GlobalSection(SolutionProperties) = preSolution
		HideSolutionNode = FALSE
	EndGlobalSection
	GlobalSection(ExtensibilityGlobals) = postSolution
		SolutionGuid = {2233A45A-0103-4CAE-981D-10FEFCBBAB4D}
	EndGlobalSection
EndGlobal
